
Microsoft Visual Studio Solution File, Format Version 12.00
Project("{FAE04EC0-301F-11D3-BF4B-00C04F79EFBC}") = "FizzBuzzTests", "FizzBuzzTests\FizzBuzzTests.csproj", "{31EFA207-7289-4C35-9115-9147E72D6E91}"
EndProject
Project("{FAE04EC0-301F-11D3-BF4B-00C04F79EFBC}") = "FizzBuzz", "FizzBuzz\FizzBuzz.csproj", "{5137DDEE-C611-4561-BC18-1D1879752C0F}"
EndProject
Global
	GlobalSection(SolutionConfigurationPlatforms) = preSolution
		Debug|Any CPU = Debug|Any CPU
		Release|Any CPU = Release|Any CPU
	EndGlobalSection
	GlobalSection(ProjectConfigurationPlatforms) = postSolution
		{31EFA207-7289-4C35-9115-9147E72D6E91}.Debug|Any CPU.ActiveCfg = Debug|Any CPU
		{31EFA207-7289-4C35-9115-9147E72D6E91}.Debug|Any CPU.Build.0 = Debug|Any CPU
		{31EFA207-7289-4C35-9115-9147E72D6E91}.Release|Any CPU.ActiveCfg = Release|Any CPU
		{31EFA207-7289-4C35-9115-9147E72D6E91}.Release|Any CPU.Build.0 = Release|Any CPU
		{5137DDEE-C611-4561-BC18-1D1879752C0F}.Debug|Any CPU.ActiveCfg = Debug|Any CPU
		{5137DDEE-C611-4561-BC18-1D1879752C0F}.Debug|Any CPU.Build.0 = Debug|Any CPU
		{5137DDEE-C611-4561-BC18-1D1879752C0F}.Release|Any CPU.ActiveCfg = Release|Any CPU
		{5137DDEE-C611-4561-BC18-1D1879752C0F}.Release|Any CPU.Build.0 = Release|Any CPU
	EndGlobalSection
EndGlobal
